
Microsoft Visual Studio Solution File, Format Version 12.00
# Visual Studio 15
VisualStudioVersion = 15.0.27130.2027
MinimumVisualStudioVersion = 10.0.40219.1
Project("{FAE04EC0-301F-11D3-BF4B-00C04F79EFBC}") = "XamarinApp.Android", "XamarinApp\XamarinApp.Android\XamarinApp.Android.csproj", "{6DD8D45B-AAB7-45CB-8439-B891CD02040C}"
EndProject
Project("{FAE04EC0-301F-11D3-BF4B-00C04F79EFBC}") = "XamarinApp", "XamarinApp\XamarinApp\XamarinApp.csproj", "{BF2AB7AC-1DB5-4E3E-B5C3-F48C9E7F7374}"
EndProject
Global
	GlobalSection(SolutionConfigurationPlatforms) = preSolution
		Debug|Any CPU = Debug|Any CPU
		Release|Any CPU = Release|Any CPU
	EndGlobalSection
	GlobalSection(ProjectConfigurationPlatforms) = postSolution
		{6DD8D45B-AAB7-45CB-8439-B891CD02040C}.Debug|Any CPU.ActiveCfg = Debug|Any CPU
		{6DD8D45B-AAB7-45CB-8439-B891CD02040C}.Debug|Any CPU.Build.0 = Debug|Any CPU
		{6DD8D45B-AAB7-45CB-8439-B891CD02040C}.Debug|Any CPU.Deploy.0 = Debug|Any CPU
		{6DD8D45B-AAB7-45CB-8439-B891CD02040C}.Release|Any CPU.ActiveCfg = Release|Any CPU
		{6DD8D45B-AAB7-45CB-8439-B891CD02040C}.Release|Any CPU.Build.0 = Release|Any CPU
		{6DD8D45B-AAB7-45CB-8439-B891CD02040C}.Release|Any CPU.Deploy.0 = Release|Any CPU
		{BF2AB7AC-1DB5-4E3E-B5C3-F48C9E7F7374}.Debug|Any CPU.ActiveCfg = Debug|Any CPU
		{BF2AB7AC-1DB5-4E3E-B5C3-F48C9E7F7374}.Debug|Any CPU.Build.0 = Debug|Any CPU
		{BF2AB7AC-1DB5-4E3E-B5C3-F48C9E7F7374}.Release|Any CPU.ActiveCfg = Release|Any CPU
		{BF2AB7AC-1DB5-4E3E-B5C3-F48C9E7F7374}.Release|Any CPU.Build.0 = Release|Any CPU
	EndGlobalSection
	GlobalSection(SolutionProperties) = preSolution
		HideSolutionNode = FALSE
	EndGlobalSection
	GlobalSection(ExtensibilityGlobals) = postSolution
		SolutionGuid = {3348E4F0-89DE-40B6-B1EC-31E1F5EA821B}
	EndGlobalSection
EndGlobal
